
Microsoft Visual Studio Solution File, Format Version 12.00
# Visual Studio Version 17
VisualStudioVersion = 17.5.33530.505
MinimumVisualStudioVersion = 10.0.40219.1
Project("{9A19103F-16F7-4668-BE54-9A1E7A4F7556}") = "WebForum", "WebForum.csproj", "{FB993FAA-961B-450C-A1EA-4302134213FE}"
EndProject
Project("{9A19103F-16F7-4668-BE54-9A1E7A4F7556}") = "WebForum.Tests", "..\WebForum.Tests\WebForum.Tests.csproj", "{174B739E-1872-4EAD-936D-ED732E31E9B6}"
EndProject
Global
	GlobalSection(SolutionConfigurationPlatforms) = preSolution
		Debug|Any CPU = Debug|Any CPU
		Release|Any CPU = Release|Any CPU
	EndGlobalSection
	GlobalSection(ProjectConfigurationPlatforms) = postSolution
		{FB993FAA-961B-450C-A1EA-4302134213FE}.Debug|Any CPU.ActiveCfg = Debug|Any CPU
		{FB993FAA-961B-450C-A1EA-4302134213FE}.Debug|Any CPU.Build.0 = Debug|Any CPU
		{FB993FAA-961B-450C-A1EA-4302134213FE}.Release|Any CPU.ActiveCfg = Release|Any CPU
		{FB993FAA-961B-450C-A1EA-4302134213FE}.Release|Any CPU.Build.0 = Release|Any CPU
		{174B739E-1872-4EAD-936D-ED732E31E9B6}.Debug|Any CPU.ActiveCfg = Debug|Any CPU
		{174B739E-1872-4EAD-936D-ED732E31E9B6}.Debug|Any CPU.Build.0 = Debug|Any CPU
		{174B739E-1872-4EAD-936D-ED732E31E9B6}.Release|Any CPU.ActiveCfg = Release|Any CPU
		{174B739E-1872-4EAD-936D-ED732E31E9B6}.Release|Any CPU.Build.0 = Release|Any CPU
	EndGlobalSection
	GlobalSection(SolutionProperties) = preSolution
		HideSolutionNode = FALSE
	EndGlobalSection
	GlobalSection(ExtensibilityGlobals) = postSolution
		SolutionGuid = {16F2F36A-DB4A-41EF-AD9B-5BFC3DDD6299}
	EndGlobalSection
EndGlobal
